
Microsoft Visual Studio Solution File, Format Version 12.00
# Visual Studio 15
VisualStudioVersion = 15.0.26124.0
MinimumVisualStudioVersion = 15.0.26124.0
Project("{2150E333-8FDC-42A3-9474-1A3956D46DE8}") = "src", "src", "{0452B22B-B624-48F2-B6F2-AA724DF8F88A}"
EndProject
Project("{FAE04EC0-301F-11D3-BF4B-00C04F79EFBC}") = "CommandAPI", "src\CommandAPI\CommandAPI.csproj", "{543985BD-7327-4B7A-9B35-7B2F3CCF7ACD}"
EndProject
Project("{2150E333-8FDC-42A3-9474-1A3956D46DE8}") = "test", "test", "{5778B283-153A-4112-9042-43B23633EE54}"
EndProject
Project("{FAE04EC0-301F-11D3-BF4B-00C04F79EFBC}") = "CommandAPI.Tests", "test\CommandAPI.Tests\CommandAPI.Tests.csproj", "{38ED3C7D-524D-4230-B38D-4CD27B7DB679}"
EndProject
Global
	GlobalSection(SolutionConfigurationPlatforms) = preSolution
		Debug|Any CPU = Debug|Any CPU
		Debug|x64 = Debug|x64
		Debug|x86 = Debug|x86
		Release|Any CPU = Release|Any CPU
		Release|x64 = Release|x64
		Release|x86 = Release|x86
	EndGlobalSection
	GlobalSection(SolutionProperties) = preSolution
		HideSolutionNode = FALSE
	EndGlobalSection
	GlobalSection(ProjectConfigurationPlatforms) = postSolution
		{543985BD-7327-4B7A-9B35-7B2F3CCF7ACD}.Debug|Any CPU.ActiveCfg = Debug|Any CPU
		{543985BD-7327-4B7A-9B35-7B2F3CCF7ACD}.Debug|Any CPU.Build.0 = Debug|Any CPU
		{543985BD-7327-4B7A-9B35-7B2F3CCF7ACD}.Debug|x64.ActiveCfg = Debug|Any CPU
		{543985BD-7327-4B7A-9B35-7B2F3CCF7ACD}.Debug|x64.Build.0 = Debug|Any CPU
		{543985BD-7327-4B7A-9B35-7B2F3CCF7ACD}.Debug|x86.ActiveCfg = Debug|Any CPU
		{543985BD-7327-4B7A-9B35-7B2F3CCF7ACD}.Debug|x86.Build.0 = Debug|Any CPU
		{543985BD-7327-4B7A-9B35-7B2F3CCF7ACD}.Release|Any CPU.ActiveCfg = Release|Any CPU
		{543985BD-7327-4B7A-9B35-7B2F3CCF7ACD}.Release|Any CPU.Build.0 = Release|Any CPU
		{543985BD-7327-4B7A-9B35-7B2F3CCF7ACD}.Release|x64.ActiveCfg = Release|Any CPU
		{543985BD-7327-4B7A-9B35-7B2F3CCF7ACD}.Release|x64.Build.0 = Release|Any CPU
		{543985BD-7327-4B7A-9B35-7B2F3CCF7ACD}.Release|x86.ActiveCfg = Release|Any CPU
		{543985BD-7327-4B7A-9B35-7B2F3CCF7ACD}.Release|x86.Build.0 = Release|Any CPU
		{38ED3C7D-524D-4230-B38D-4CD27B7DB679}.Debug|Any CPU.ActiveCfg = Debug|Any CPU
		{38ED3C7D-524D-4230-B38D-4CD27B7DB679}.Debug|Any CPU.Build.0 = Debug|Any CPU
		{38ED3C7D-524D-4230-B38D-4CD27B7DB679}.Debug|x64.ActiveCfg = Debug|Any CPU
		{38ED3C7D-524D-4230-B38D-4CD27B7DB679}.Debug|x64.Build.0 = Debug|Any CPU
		{38ED3C7D-524D-4230-B38D-4CD27B7DB679}.Debug|x86.ActiveCfg = Debug|Any CPU
		{38ED3C7D-524D-4230-B38D-4CD27B7DB679}.Debug|x86.Build.0 = Debug|Any CPU
		{38ED3C7D-524D-4230-B38D-4CD27B7DB679}.Release|Any CPU.ActiveCfg = Release|Any CPU
		{38ED3C7D-524D-4230-B38D-4CD27B7DB679}.Release|Any CPU.Build.0 = Release|Any CPU
		{38ED3C7D-524D-4230-B38D-4CD27B7DB679}.Release|x64.ActiveCfg = Release|Any CPU
		{38ED3C7D-524D-4230-B38D-4CD27B7DB679}.Release|x64.Build.0 = Release|Any CPU
		{38ED3C7D-524D-4230-B38D-4CD27B7DB679}.Release|x86.ActiveCfg = Release|Any CPU
		{38ED3C7D-524D-4230-B38D-4CD27B7DB679}.Release|x86.Build.0 = Release|Any CPU
	EndGlobalSection
	GlobalSection(NestedProjects) = preSolution
		{543985BD-7327-4B7A-9B35-7B2F3CCF7ACD} = {0452B22B-B624-48F2-B6F2-AA724DF8F88A}
		{38ED3C7D-524D-4230-B38D-4CD27B7DB679} = {5778B283-153A-4112-9042-43B23633EE54}
	EndGlobalSection
EndGlobal
